
Microsoft Visual Studio Solution File, Format Version 12.00
# Visual Studio 2013
VisualStudioVersion = 12.0.40629.0
MinimumVisualStudioVersion = 10.0.40219.1
Project("{2150E333-8FDC-42A3-9474-1A3956D46DE8}") = "BusinessLayer", "BusinessLayer", "{F71F72C0-DDBB-448C-895B-DF7A86C2F163}"
EndProject
Project("{2150E333-8FDC-42A3-9474-1A3956D46DE8}") = "DataLayer", "DataLayer", "{5D9A6F82-DA61-4976-84B3-C08F5E41F125}"
EndProject
Project("{2150E333-8FDC-42A3-9474-1A3956D46DE8}") = "GUI", "GUI", "{29ABAC6D-171D-4AD9-924C-92C4F8BE4361}"
EndProject
Project("{FAE04EC0-301F-11D3-BF4B-00C04F79EFBC}") = "ORD.Database", "ORD.Database\ORD.Database.csproj", "{10B538F6-2685-405C-AF22-7D0536F089A5}"
EndProject
Project("{FAE04EC0-301F-11D3-BF4B-00C04F79EFBC}") = "ORD.XML", "ORD.XML\ORD.XML.csproj", "{38A70949-1BD5-4B4B-A438-04138B238607}"
EndProject
Project("{FAE04EC0-301F-11D3-BF4B-00C04F79EFBC}") = "ORD.PatientCard", "ORD.PatientCard\ORD.PatientCard.csproj", "{9C85D9C3-421D-477D-AB37-9F4ABFCA93D4}"
EndProject
Project("{FAE04EC0-301F-11D3-BF4B-00C04F79EFBC}") = "ORD.HealthInsurances", "ORD.HealthInsurances\ORD.HealthInsurances.csproj", "{262EB880-8E9D-4E56-9FDD-260AD896841F}"
EndProject
Project("{FAE04EC0-301F-11D3-BF4B-00C04F79EFBC}") = "ORD.Medicines", "ORD.Medicines\ORD.Medicines.csproj", "{43CC7C41-F066-44C0-B675-18CA10E3A1B9}"
EndProject
Project("{FAE04EC0-301F-11D3-BF4B-00C04F79EFBC}") = "ORD.Strings", "ORD.Strings\ORD.Strings.csproj", "{47608081-2640-405A-9995-14A7367E2AC8}"
EndProject
Project("{FAE04EC0-301F-11D3-BF4B-00C04F79EFBC}") = "ORD.Database.Mappers", "ORD.Database.Mappers\ORD.Database.Mappers.csproj", "{21E94499-2004-4D1D-8110-3C578AFE8924}"
EndProject
Project("{FAE04EC0-301F-11D3-BF4B-00C04F79EFBC}") = "ORD.WF", "ORD.WF\ORD.WF.csproj", "{621519C1-7B36-40EC-BB87-BC1D771DC770}"
EndProject
Project("{FAE04EC0-301F-11D3-BF4B-00C04F79EFBC}") = "ORD.B.PatientServices", "ORD.B.PatientServices\ORD.B.PatientServices.csproj", "{A276EECE-51AE-4295-BA53-BF6ECA0D5096}"
EndProject
Project("{FAE04EC0-301F-11D3-BF4B-00C04F79EFBC}") = "ORD.B.MedicineService", "ORD.B.MedicineService\ORD.B.MedicineService.csproj", "{22799605-7054-41AC-B376-8050DC767A87}"
EndProject
Project("{FAE04EC0-301F-11D3-BF4B-00C04F79EFBC}") = "ORD.CL", "ORD.CL\ORD.CL.csproj", "{0F35BE6E-55DB-4960-88F2-D09C7DD67C1B}"
EndProject
Project("{FAE04EC0-301F-11D3-BF4B-00C04F79EFBC}") = "ORD.B.HealthInsuranceService", "ORD.B.HealthInsuranceService\ORD.B.HealthInsuranceService.csproj", "{D0B1C09F-04C5-457A-BD02-9E7055D489BC}"
EndProject
Project("{FAE04EC0-301F-11D3-BF4B-00C04F79EFBC}") = "ORD.Repository", "Repository\ORD.Repository.csproj", "{221DB2C8-9A3D-4B13-B164-470BDEFD6832}"
EndProject
Global
	GlobalSection(SolutionConfigurationPlatforms) = preSolution
		Debug|Any CPU = Debug|Any CPU
		Release|Any CPU = Release|Any CPU
	EndGlobalSection
	GlobalSection(ProjectConfigurationPlatforms) = postSolution
		{10B538F6-2685-405C-AF22-7D0536F089A5}.Debug|Any CPU.ActiveCfg = Debug|Any CPU
		{10B538F6-2685-405C-AF22-7D0536F089A5}.Debug|Any CPU.Build.0 = Debug|Any CPU
		{10B538F6-2685-405C-AF22-7D0536F089A5}.Release|Any CPU.ActiveCfg = Release|Any CPU
		{10B538F6-2685-405C-AF22-7D0536F089A5}.Release|Any CPU.Build.0 = Release|Any CPU
		{38A70949-1BD5-4B4B-A438-04138B238607}.Debug|Any CPU.ActiveCfg = Debug|Any CPU
		{38A70949-1BD5-4B4B-A438-04138B238607}.Debug|Any CPU.Build.0 = Debug|Any CPU
		{38A70949-1BD5-4B4B-A438-04138B238607}.Release|Any CPU.ActiveCfg = Release|Any CPU
		{38A70949-1BD5-4B4B-A438-04138B238607}.Release|Any CPU.Build.0 = Release|Any CPU
		{9C85D9C3-421D-477D-AB37-9F4ABFCA93D4}.Debug|Any CPU.ActiveCfg = Debug|Any CPU
		{9C85D9C3-421D-477D-AB37-9F4ABFCA93D4}.Debug|Any CPU.Build.0 = Debug|Any CPU
		{9C85D9C3-421D-477D-AB37-9F4ABFCA93D4}.Release|Any CPU.ActiveCfg = Release|Any CPU
		{9C85D9C3-421D-477D-AB37-9F4ABFCA93D4}.Release|Any CPU.Build.0 = Release|Any CPU
		{262EB880-8E9D-4E56-9FDD-260AD896841F}.Debug|Any CPU.ActiveCfg = Debug|Any CPU
		{262EB880-8E9D-4E56-9FDD-260AD896841F}.Debug|Any CPU.Build.0 = Debug|Any CPU
		{262EB880-8E9D-4E56-9FDD-260AD896841F}.Release|Any CPU.ActiveCfg = Release|Any CPU
		{262EB880-8E9D-4E56-9FDD-260AD896841F}.Release|Any CPU.Build.0 = Release|Any CPU
		{43CC7C41-F066-44C0-B675-18CA10E3A1B9}.Debug|Any CPU.ActiveCfg = Debug|Any CPU
		{43CC7C41-F066-44C0-B675-18CA10E3A1B9}.Debug|Any CPU.Build.0 = Debug|Any CPU
		{43CC7C41-F066-44C0-B675-18CA10E3A1B9}.Release|Any CPU.ActiveCfg = Release|Any CPU
		{43CC7C41-F066-44C0-B675-18CA10E3A1B9}.Release|Any CPU.Build.0 = Release|Any CPU
		{47608081-2640-405A-9995-14A7367E2AC8}.Debug|Any CPU.ActiveCfg = Debug|Any CPU
		{47608081-2640-405A-9995-14A7367E2AC8}.Debug|Any CPU.Build.0 = Debug|Any CPU
		{47608081-2640-405A-9995-14A7367E2AC8}.Release|Any CPU.ActiveCfg = Release|Any CPU
		{47608081-2640-405A-9995-14A7367E2AC8}.Release|Any CPU.Build.0 = Release|Any CPU
		{21E94499-2004-4D1D-8110-3C578AFE8924}.Debug|Any CPU.ActiveCfg = Debug|Any CPU
		{21E94499-2004-4D1D-8110-3C578AFE8924}.Debug|Any CPU.Build.0 = Debug|Any CPU
		{21E94499-2004-4D1D-8110-3C578AFE8924}.Release|Any CPU.ActiveCfg = Release|Any CPU
		{21E94499-2004-4D1D-8110-3C578AFE8924}.Release|Any CPU.Build.0 = Release|Any CPU
		{621519C1-7B36-40EC-BB87-BC1D771DC770}.Debug|Any CPU.ActiveCfg = Debug|Any CPU
		{621519C1-7B36-40EC-BB87-BC1D771DC770}.Debug|Any CPU.Build.0 = Debug|Any CPU
		{621519C1-7B36-40EC-BB87-BC1D771DC770}.Release|Any CPU.ActiveCfg = Release|Any CPU
		{621519C1-7B36-40EC-BB87-BC1D771DC770}.Release|Any CPU.Build.0 = Release|Any CPU
		{A276EECE-51AE-4295-BA53-BF6ECA0D5096}.Debug|Any CPU.ActiveCfg = Debug|Any CPU
		{A276EECE-51AE-4295-BA53-BF6ECA0D5096}.Debug|Any CPU.Build.0 = Debug|Any CPU
		{A276EECE-51AE-4295-BA53-BF6ECA0D5096}.Release|Any CPU.ActiveCfg = Release|Any CPU
		{A276EECE-51AE-4295-BA53-BF6ECA0D5096}.Release|Any CPU.Build.0 = Release|Any CPU
		{22799605-7054-41AC-B376-8050DC767A87}.Debug|Any CPU.ActiveCfg = Debug|Any CPU
		{22799605-7054-41AC-B376-8050DC767A87}.Debug|Any CPU.Build.0 = Debug|Any CPU
		{22799605-7054-41AC-B376-8050DC767A87}.Release|Any CPU.ActiveCfg = Release|Any CPU
		{22799605-7054-41AC-B376-8050DC767A87}.Release|Any CPU.Build.0 = Release|Any CPU
		{0F35BE6E-55DB-4960-88F2-D09C7DD67C1B}.Debug|Any CPU.ActiveCfg = Debug|Any CPU
		{0F35BE6E-55DB-4960-88F2-D09C7DD67C1B}.Debug|Any CPU.Build.0 = Debug|Any CPU
		{0F35BE6E-55DB-4960-88F2-D09C7DD67C1B}.Release|Any CPU.ActiveCfg = Release|Any CPU
		{0F35BE6E-55DB-4960-88F2-D09C7DD67C1B}.Release|Any CPU.Build.0 = Release|Any CPU
		{D0B1C09F-04C5-457A-BD02-9E7055D489BC}.Debug|Any CPU.ActiveCfg = Debug|Any CPU
		{D0B1C09F-04C5-457A-BD02-9E7055D489BC}.Debug|Any CPU.Build.0 = Debug|Any CPU
		{D0B1C09F-04C5-457A-BD02-9E7055D489BC}.Release|Any CPU.ActiveCfg = Release|Any CPU
		{D0B1C09F-04C5-457A-BD02-9E7055D489BC}.Release|Any CPU.Build.0 = Release|Any CPU
		{221DB2C8-9A3D-4B13-B164-470BDEFD6832}.Debug|Any CPU.ActiveCfg = Debug|Any CPU
		{221DB2C8-9A3D-4B13-B164-470BDEFD6832}.Debug|Any CPU.Build.0 = Debug|Any CPU
		{221DB2C8-9A3D-4B13-B164-470BDEFD6832}.Release|Any CPU.ActiveCfg = Release|Any CPU
		{221DB2C8-9A3D-4B13-B164-470BDEFD6832}.Release|Any CPU.Build.0 = Release|Any CPU
	EndGlobalSection
	GlobalSection(SolutionProperties) = preSolution
		HideSolutionNode = FALSE
	EndGlobalSection
	GlobalSection(NestedProjects) = preSolution
		{10B538F6-2685-405C-AF22-7D0536F089A5} = {5D9A6F82-DA61-4976-84B3-C08F5E41F125}
		{38A70949-1BD5-4B4B-A438-04138B238607} = {5D9A6F82-DA61-4976-84B3-C08F5E41F125}
		{9C85D9C3-421D-477D-AB37-9F4ABFCA93D4} = {5D9A6F82-DA61-4976-84B3-C08F5E41F125}
		{262EB880-8E9D-4E56-9FDD-260AD896841F} = {5D9A6F82-DA61-4976-84B3-C08F5E41F125}
		{43CC7C41-F066-44C0-B675-18CA10E3A1B9} = {5D9A6F82-DA61-4976-84B3-C08F5E41F125}
		{47608081-2640-405A-9995-14A7367E2AC8} = {5D9A6F82-DA61-4976-84B3-C08F5E41F125}
		{21E94499-2004-4D1D-8110-3C578AFE8924} = {5D9A6F82-DA61-4976-84B3-C08F5E41F125}
		{621519C1-7B36-40EC-BB87-BC1D771DC770} = {29ABAC6D-171D-4AD9-924C-92C4F8BE4361}
		{A276EECE-51AE-4295-BA53-BF6ECA0D5096} = {F71F72C0-DDBB-448C-895B-DF7A86C2F163}
		{22799605-7054-41AC-B376-8050DC767A87} = {F71F72C0-DDBB-448C-895B-DF7A86C2F163}
		{0F35BE6E-55DB-4960-88F2-D09C7DD67C1B} = {29ABAC6D-171D-4AD9-924C-92C4F8BE4361}
		{D0B1C09F-04C5-457A-BD02-9E7055D489BC} = {F71F72C0-DDBB-448C-895B-DF7A86C2F163}
		{221DB2C8-9A3D-4B13-B164-470BDEFD6832} = {5D9A6F82-DA61-4976-84B3-C08F5E41F125}
	EndGlobalSection
EndGlobal
